// !$*UTF8*$!
{
	archiveVersion = 1;
	classes = {
	};
	objectVersion = 46;
	objects = {

/* Begin PBXBuildFile section */
		038D0F4D10FA881235CE6060 /* Pods_Week4_Twitter.framework in Frameworks */ = {isa = PBXBuildFile; fileRef = B7E5DD3821C92E7FC93790A2 /* Pods_Week4_Twitter.framework */; };
		29003D301DC4798500A9EF1C /* TweetsViewController.swift in Sources */ = {isa = PBXBuildFile; fileRef = 29003D2F1DC4798500A9EF1C /* TweetsViewController.swift */; };
		29003D341DC47C5C00A9EF1C /* TweetCell.swift in Sources */ = {isa = PBXBuildFile; fileRef = 29003D331DC47C5C00A9EF1C /* TweetCell.swift */; };
		29C9AFC01DC73272002CD705 /* TweetDetailViewController.swift in Sources */ = {isa = PBXBuildFile; fileRef = 29C9AFBF1DC73272002CD705 /* TweetDetailViewController.swift */; };
		29F1141B1DD06B1B009A94A6 /* UserProfileViewController.swift in Sources */ = {isa = PBXBuildFile; fileRef = 29F1141A1DD06B1B009A94A6 /* UserProfileViewController.swift */; };
		29F42DF91DCC468E0099844D /* HamburgerViewController.swift in Sources */ = {isa = PBXBuildFile; fileRef = 29F42DF81DCC468E0099844D /* HamburgerViewController.swift */; };
		29F42DFD1DCC54CB0099844D /* BlueViewController.swift in Sources */ = {isa = PBXBuildFile; fileRef = 29F42DFC1DCC54CB0099844D /* BlueViewController.swift */; };
		29F42DFF1DCC54E50099844D /* GreenViewController.swift in Sources */ = {isa = PBXBuildFile; fileRef = 29F42DFE1DCC54E50099844D /* GreenViewController.swift */; };
		29F42E011DCC54F60099844D /* OrangeViewController.swift in Sources */ = {isa = PBXBuildFile; fileRef = 29F42E001DCC54F60099844D /* OrangeViewController.swift */; };
		29F42E031DCC550D0099844D /* MenuViewController.swift in Sources */ = {isa = PBXBuildFile; fileRef = 29F42E021DCC550D0099844D /* MenuViewController.swift */; };
		29F42E061DCC5A080099844D /* MenuCell.swift in Sources */ = {isa = PBXBuildFile; fileRef = 29F42E051DCC5A080099844D /* MenuCell.swift */; };
		29F4E82C1DC1C97500B3A1DA /* AppDelegate.swift in Sources */ = {isa = PBXBuildFile; fileRef = 29F4E82B1DC1C97500B3A1DA /* AppDelegate.swift */; };
		29F4E8311DC1C97500B3A1DA /* Main.storyboard in Resources */ = {isa = PBXBuildFile; fileRef = 29F4E82F1DC1C97500B3A1DA /* Main.storyboard */; };
		29F4E8331DC1C97500B3A1DA /* Assets.xcassets in Resources */ = {isa = PBXBuildFile; fileRef = 29F4E8321DC1C97500B3A1DA /* Assets.xcassets */; };
		29F4E8361DC1C97500B3A1DA /* LaunchScreen.storyboard in Resources */ = {isa = PBXBuildFile; fileRef = 29F4E8341DC1C97500B3A1DA /* LaunchScreen.storyboard */; };
		29F4E83E1DC1CC7D00B3A1DA /* LoginViewController.swift in Sources */ = {isa = PBXBuildFile; fileRef = 29F4E83D1DC1CC7D00B3A1DA /* LoginViewController.swift */; };
		29F4E8431DC3272700B3A1DA /* User.swift in Sources */ = {isa = PBXBuildFile; fileRef = 29F4E8421DC3272700B3A1DA /* User.swift */; };
		29F4E8451DC3273A00B3A1DA /* Tweet.swift in Sources */ = {isa = PBXBuildFile; fileRef = 29F4E8441DC3273A00B3A1DA /* Tweet.swift */; };
		29F4E8471DC331F700B3A1DA /* TwitterClient.swift in Sources */ = {isa = PBXBuildFile; fileRef = 29F4E8461DC331F700B3A1DA /* TwitterClient.swift */; };
/* End PBXBuildFile section */

/* Begin PBXFileReference section */
		2143956AE7D0F10E698915C5 /* Pods-Week4_Twitter.debug.xcconfig */ = {isa = PBXFileReference; includeInIndex = 1; lastKnownFileType = text.xcconfig; name = "Pods-Week4_Twitter.debug.xcconfig"; path = "Pods/Target Support Files/Pods-Week4_Twitter/Pods-Week4_Twitter.debug.xcconfig"; sourceTree = "<group>"; };
		29003D2F1DC4798500A9EF1C /* TweetsViewController.swift */ = {isa = PBXFileReference; fileEncoding = 4; lastKnownFileType = sourcecode.swift; path = TweetsViewController.swift; sourceTree = "<group>"; };
		29003D331DC47C5C00A9EF1C /* TweetCell.swift */ = {isa = PBXFileReference; fileEncoding = 4; lastKnownFileType = sourcecode.swift; path = TweetCell.swift; sourceTree = "<group>"; };
		29C9AFBF1DC73272002CD705 /* TweetDetailViewController.swift */ = {isa = PBXFileReference; fileEncoding = 4; lastKnownFileType = sourcecode.swift; path = TweetDetailViewController.swift; sourceTree = "<group>"; };
		29C9AFC11DC82BD4002CD705 /* Week4_Twitter.entitlements */ = {isa = PBXFileReference; lastKnownFileType = text.plist.entitlements; path = Week4_Twitter.entitlements; sourceTree = "<group>"; };
		29F1141A1DD06B1B009A94A6 /* UserProfileViewController.swift */ = {isa = PBXFileReference; fileEncoding = 4; lastKnownFileType = sourcecode.swift; path = UserProfileViewController.swift; sourceTree = "<group>"; };
		29F42DF81DCC468E0099844D /* HamburgerViewController.swift */ = {isa = PBXFileReference; fileEncoding = 4; lastKnownFileType = sourcecode.swift; path = HamburgerViewController.swift; sourceTree = "<group>"; };
		29F42DFC1DCC54CB0099844D /* BlueViewController.swift */ = {isa = PBXFileReference; fileEncoding = 4; lastKnownFileType = sourcecode.swift; path = BlueViewController.swift; sourceTree = "<group>"; };
		29F42DFE1DCC54E50099844D /* GreenViewController.swift */ = {isa = PBXFileReference; fileEncoding = 4; lastKnownFileType = sourcecode.swift; path = GreenViewController.swift; sourceTree = "<group>"; };
		29F42E001DCC54F60099844D /* OrangeViewController.swift */ = {isa = PBXFileReference; fileEncoding = 4; lastKnownFileType = sourcecode.swift; path = OrangeViewController.swift; sourceTree = "<group>"; };
		29F42E021DCC550D0099844D /* MenuViewController.swift */ = {isa = PBXFileReference; fileEncoding = 4; lastKnownFileType = sourcecode.swift; path = MenuViewController.swift; sourceTree = "<group>"; };
		29F42E051DCC5A080099844D /* MenuCell.swift */ = {isa = PBXFileReference; fileEncoding = 4; lastKnownFileType = sourcecode.swift; path = MenuCell.swift; sourceTree = "<group>"; };
		29F4E8281DC1C97500B3A1DA /* Week4_Twitter.app */ = {isa = PBXFileReference; explicitFileType = wrapper.application; includeInIndex = 0; path = Week4_Twitter.app; sourceTree = BUILT_PRODUCTS_DIR; };
		29F4E82B1DC1C97500B3A1DA /* AppDelegate.swift */ = {isa = PBXFileReference; lastKnownFileType = sourcecode.swift; path = AppDelegate.swift; sourceTree = "<group>"; };
		29F4E8301DC1C97500B3A1DA /* Base */ = {isa = PBXFileReference; lastKnownFileType = file.storyboard; name = Base; path = Base.lproj/Main.storyboard; sourceTree = "<group>"; };
		29F4E8321DC1C97500B3A1DA /* Assets.xcassets */ = {isa = PBXFileReference; lastKnownFileType = folder.assetcatalog; path = Assets.xcassets; sourceTree = "<group>"; };
		29F4E8351DC1C97500B3A1DA /* Base */ = {isa = PBXFileReference; lastKnownFileType = file.storyboard; name = Base; path = Base.lproj/LaunchScreen.storyboard; sourceTree = "<group>"; };
		29F4E8371DC1C97500B3A1DA /* Info.plist */ = {isa = PBXFileReference; lastKnownFileType = text.plist.xml; path = Info.plist; sourceTree = "<group>"; };
		29F4E83D1DC1CC7D00B3A1DA /* LoginViewController.swift */ = {isa = PBXFileReference; fileEncoding = 4; lastKnownFileType = sourcecode.swift; path = LoginViewController.swift; sourceTree = "<group>"; };
		29F4E8421DC3272700B3A1DA /* User.swift */ = {isa = PBXFileReference; fileEncoding = 4; lastKnownFileType = sourcecode.swift; path = User.swift; sourceTree = "<group>"; };
		29F4E8441DC3273A00B3A1DA /* Tweet.swift */ = {isa = PBXFileReference; fileEncoding = 4; lastKnownFileType = sourcecode.swift; path = Tweet.swift; sourceTree = "<group>"; };
		29F4E8461DC331F700B3A1DA /* TwitterClient.swift */ = {isa = PBXFileReference; fileEncoding = 4; lastKnownFileType = sourcecode.swift; path = TwitterClient.swift; sourceTree = "<group>"; };
		B7E5DD3821C92E7FC93790A2 /* Pods_Week4_Twitter.framework */ = {isa = PBXFileReference; explicitFileType = wrapper.framework; includeInIndex = 0; path = Pods_Week4_Twitter.framework; sourceTree = BUILT_PRODUCTS_DIR; };
		C034526B4F2E9D0041B0BD3B /* Pods-Week4_Twitter.release.xcconfig */ = {isa = PBXFileReference; includeInIndex = 1; lastKnownFileType = text.xcconfig; name = "Pods-Week4_Twitter.release.xcconfig"; path = "Pods/Target Support Files/Pods-Week4_Twitter/Pods-Week4_Twitter.release.xcconfig"; sourceTree = "<group>"; };
/* End PBXFileReference section */

/* Begin PBXFrameworksBuildPhase section */
		29F4E8251DC1C97500B3A1DA /* Frameworks */ = {
			isa = PBXFrameworksBuildPhase;
			buildActionMask = 2147483647;
			files = (
				038D0F4D10FA881235CE6060 /* Pods_Week4_Twitter.framework in Frameworks */,
			);
			runOnlyForDeploymentPostprocessing = 0;
		};
/* End PBXFrameworksBuildPhase section */

/* Begin PBXGroup section */
		29F42E041DCC59820099844D /* View */ = {
			isa = PBXGroup;
			children = (
				29F42E051DCC5A080099844D /* MenuCell.swift */,
				29003D331DC47C5C00A9EF1C /* TweetCell.swift */,
			);
			name = View;
			sourceTree = "<group>";
		};
		29F4E81F1DC1C97500B3A1DA = {
			isa = PBXGroup;
			children = (
				29F4E82A1DC1C97500B3A1DA /* Week4_Twitter */,
				29F4E8291DC1C97500B3A1DA /* Products */,
				74F7EFC5A74CF592D4D34603 /* Pods */,
				8E283EC640371DF64CBF9AAE /* Frameworks */,
			);
			sourceTree = "<group>";
		};
		29F4E8291DC1C97500B3A1DA /* Products */ = {
			isa = PBXGroup;
			children = (
				29F4E8281DC1C97500B3A1DA /* Week4_Twitter.app */,
			);
			name = Products;
			sourceTree = "<group>";
		};
		29F4E82A1DC1C97500B3A1DA /* Week4_Twitter */ = {
			isa = PBXGroup;
			children = (
				29C9AFC11DC82BD4002CD705 /* Week4_Twitter.entitlements */,
				29F4E8401DC326E000B3A1DA /* API */,
				29F4E8411DC326E600B3A1DA /* Model */,
				29F42E041DCC59820099844D /* View */,
				29F4E83F1DC326D700B3A1DA /* ViewController */,
				29F4E82B1DC1C97500B3A1DA /* AppDelegate.swift */,
				29F4E82F1DC1C97500B3A1DA /* Main.storyboard */,
				29F4E8321DC1C97500B3A1DA /* Assets.xcassets */,
				29F4E8341DC1C97500B3A1DA /* LaunchScreen.storyboard */,
				29F4E8371DC1C97500B3A1DA /* Info.plist */,
			);
			path = Week4_Twitter;
			sourceTree = "<group>";
		};
		29F4E83F1DC326D700B3A1DA /* ViewController */ = {
			isa = PBXGroup;
			children = (
				29F4E83D1DC1CC7D00B3A1DA /* LoginViewController.swift */,
				29003D2F1DC4798500A9EF1C /* TweetsViewController.swift */,
				29C9AFBF1DC73272002CD705 /* TweetDetailViewController.swift */,
				29F42DF81DCC468E0099844D /* HamburgerViewController.swift */,
				29F42E021DCC550D0099844D /* MenuViewController.swift */,
				29F42DFE1DCC54E50099844D /* GreenViewController.swift */,
				29F42DFC1DCC54CB0099844D /* BlueViewController.swift */,
				29F42E001DCC54F60099844D /* OrangeViewController.swift */,
				29F1141A1DD06B1B009A94A6 /* UserProfileViewController.swift */,
			);
			name = ViewController;
			sourceTree = "<group>";
		};
		29F4E8401DC326E000B3A1DA /* API */ = {
			isa = PBXGroup;
			children = (
				29F4E8461DC331F700B3A1DA /* TwitterClient.swift */,
			);
			name = API;
			sourceTree = "<group>";
		};
		29F4E8411DC326E600B3A1DA /* Model */ = {
			isa = PBXGroup;
			children = (
				29F4E8421DC3272700B3A1DA /* User.swift */,
				29F4E8441DC3273A00B3A1DA /* Tweet.swift */,
			);
			name = Model;
			sourceTree = "<group>";
		};
		74F7EFC5A74CF592D4D34603 /* Pods */ = {
			isa = PBXGroup;
			children = (
				2143956AE7D0F10E698915C5 /* Pods-Week4_Twitter.debug.xcconfig */,
				C034526B4F2E9D0041B0BD3B /* Pods-Week4_Twitter.release.xcconfig */,
			);
			name = Pods;
			sourceTree = "<group>";
		};
		8E283EC640371DF64CBF9AAE /* Frameworks */ = {
			isa = PBXGroup;
			children = (
				B7E5DD3821C92E7FC93790A2 /* Pods_Week4_Twitter.framework */,
			);
			name = Frameworks;
			sourceTree = "<group>";
		};
/* End PBXGroup section */

/* Begin PBXNativeTarget section */
		29F4E8271DC1C97500B3A1DA /* Week4_Twitter */ = {
			isa = PBXNativeTarget;
			buildConfigurationList = 29F4E83A1DC1C97500B3A1DA /* Build configuration list for PBXNativeTarget "Week4_Twitter" */;
			buildPhases = (
				FBAFB761A11F42139791429E /* [CP] Check Pods Manifest.lock */,
				29F4E8241DC1C97500B3A1DA /* Sources */,
				29F4E8251DC1C97500B3A1DA /* Frameworks */,
				29F4E8261DC1C97500B3A1DA /* Resources */,
				27509A93EF111B18D28CBEB4 /* [CP] Embed Pods Frameworks */,
				3421CA66FE3C7208FAA76CF3 /* [CP] Copy Pods Resources */,
			);
			buildRules = (
			);
			dependencies = (
			);
			name = Week4_Twitter;
			productName = Week3_Twitter;
			productReference = 29F4E8281DC1C97500B3A1DA /* Week4_Twitter.app */;
			productType = "com.apple.product-type.application";
		};
/* End PBXNativeTarget section */

/* Begin PBXProject section */
		29F4E8201DC1C97500B3A1DA /* Project object */ = {
			isa = PBXProject;
			attributes = {
				LastSwiftUpdateCheck = 0800;
				LastUpgradeCheck = 0800;
				ORGANIZATIONNAME = "Phillip Pang";
				TargetAttributes = {
					29F4E8271DC1C97500B3A1DA = {
						CreatedOnToolsVersion = 8.0;
						DevelopmentTeam = LVNDWJ4J86;
						ProvisioningStyle = Automatic;
						SystemCapabilities = {
							com.apple.Keychain = {
								enabled = 1;
							};
						};
					};
				};
			};
			buildConfigurationList = 29F4E8231DC1C97500B3A1DA /* Build configuration list for PBXProject "Week4_Twitter" */;
			compatibilityVersion = "Xcode 3.2";
			developmentRegion = English;
			hasScannedForEncodings = 0;
			knownRegions = (
				en,
				Base,
			);
			mainGroup = 29F4E81F1DC1C97500B3A1DA;
			productRefGroup = 29F4E8291DC1C97500B3A1DA /* Products */;
			projectDirPath = "";
			projectRoot = "";
			targets = (
				29F4E8271DC1C97500B3A1DA /* Week4_Twitter */,
			);
		};
/* End PBXProject section */

/* Begin PBXResourcesBuildPhase section */
		29F4E8261DC1C97500B3A1DA /* Resources */ = {
			isa = PBXResourcesBuildPhase;
			buildActionMask = 2147483647;
			files = (
				29F4E8361DC1C97500B3A1DA /* LaunchScreen.storyboard in Resources */,
				29F4E8331DC1C97500B3A1DA /* Assets.xcassets in Resources */,
				29F4E8311DC1C97500B3A1DA /* Main.storyboard in Resources */,
			);
			runOnlyForDeploymentPostprocessing = 0;
		};
/* End PBXResourcesBuildPhase section */

/* Begin PBXShellScriptBuildPhase section */
		27509A93EF111B18D28CBEB4 /* [CP] Embed Pods Frameworks */ = {
			isa = PBXShellScriptBuildPhase;
			buildActionMask = 2147483647;
			files = (
			);
			inputPaths = (
			);
			name = "[CP] Embed Pods Frameworks";
			outputPaths = (
			);
			runOnlyForDeploymentPostprocessing = 0;
			shellPath = /bin/sh;
			shellScript = "\"${SRCROOT}/Pods/Target Support Files/Pods-Week4_Twitter/Pods-Week4_Twitter-frameworks.sh\"\n";
			showEnvVarsInLog = 0;
		};
		3421CA66FE3C7208FAA76CF3 /* [CP] Copy Pods Resources */ = {
			isa = PBXShellScriptBuildPhase;
			buildActionMask = 2147483647;
			files = (
			);
			inputPaths = (
			);
			name = "[CP] Copy Pods Resources";
			outputPaths = (
			);
			runOnlyForDeploymentPostprocessing = 0;
			shellPath = /bin/sh;
			shellScript = "\"${SRCROOT}/Pods/Target Support Files/Pods-Week4_Twitter/Pods-Week4_Twitter-resources.sh\"\n";
			showEnvVarsInLog = 0;
		};
		FBAFB761A11F42139791429E /* [CP] Check Pods Manifest.lock */ = {
			isa = PBXShellScriptBuildPhase;
			buildActionMask = 2147483647;
			files = (
			);
			inputPaths = (
			);
			name = "[CP] Check Pods Manifest.lock";
			outputPaths = (
			);
			runOnlyForDeploymentPostprocessing = 0;
			shellPath = /bin/sh;
			shellScript = "diff \"${PODS_ROOT}/../Podfile.lock\" \"${PODS_ROOT}/Manifest.lock\" > /dev/null\nif [[ $? != 0 ]] ; then\n    cat << EOM\nerror: The sandbox is not in sync with the Podfile.lock. Run 'pod install' or update your CocoaPods installation.\nEOM\n    exit 1\nfi\n";
			showEnvVarsInLog = 0;
		};
/* End PBXShellScriptBuildPhase section */

/* Begin PBXSourcesBuildPhase section */
		29F4E8241DC1C97500B3A1DA /* Sources */ = {
			isa = PBXSourcesBuildPhase;
			buildActionMask = 2147483647;
			files = (
				29F42E061DCC5A080099844D /* MenuCell.swift in Sources */,
				29F1141B1DD06B1B009A94A6 /* UserProfileViewController.swift in Sources */,
				29F42DFF1DCC54E50099844D /* GreenViewController.swift in Sources */,
				29F42DF91DCC468E0099844D /* HamburgerViewController.swift in Sources */,
				29F4E8431DC3272700B3A1DA /* User.swift in Sources */,
				29003D341DC47C5C00A9EF1C /* TweetCell.swift in Sources */,
				29F4E8451DC3273A00B3A1DA /* Tweet.swift in Sources */,
				29F4E83E1DC1CC7D00B3A1DA /* LoginViewController.swift in Sources */,
				29F42E011DCC54F60099844D /* OrangeViewController.swift in Sources */,
				29F42E031DCC550D0099844D /* MenuViewController.swift in Sources */,
				29003D301DC4798500A9EF1C /* TweetsViewController.swift in Sources */,
				29C9AFC01DC73272002CD705 /* TweetDetailViewController.swift in Sources */,
				29F4E8471DC331F700B3A1DA /* TwitterClient.swift in Sources */,
				29F4E82C1DC1C97500B3A1DA /* AppDelegate.swift in Sources */,
				29F42DFD1DCC54CB0099844D /* BlueViewController.swift in Sources */,
			);
			runOnlyForDeploymentPostprocessing = 0;
		};
/* End PBXSourcesBuildPhase section */

/* Begin PBXVariantGroup section */
		29F4E82F1DC1C97500B3A1DA /* Main.storyboard */ = {
			isa = PBXVariantGroup;
			children = (
				29F4E8301DC1C97500B3A1DA /* Base */,
			);
			name = Main.storyboard;
			sourceTree = "<group>";
		};
		29F4E8341DC1C97500B3A1DA /* LaunchScreen.storyboard */ = {
			isa = PBXVariantGroup;
			children = (
				29F4E8351DC1C97500B3A1DA /* Base */,
			);
			name = LaunchScreen.storyboard;
			sourceTree = "<group>";
		};
/* End PBXVariantGroup section */

/* Begin XCBuildConfiguration section */
		29F4E8381DC1C97500B3A1DA /* Debug */ = {
			isa = XCBuildConfiguration;
			buildSettings = {
				ALWAYS_SEARCH_USER_PATHS = NO;
				CLANG_ANALYZER_NONNULL = YES;
				CLANG_CXX_LANGUAGE_STANDARD = "gnu++0x";
				CLANG_CXX_LIBRARY = "libc++";
				CLANG_ENABLE_MODULES = YES;
				CLANG_ENABLE_OBJC_ARC = YES;
				CLANG_WARN_BOOL_CONVERSION = YES;
				CLANG_WARN_CONSTANT_CONVERSION = YES;
				CLANG_WARN_DIRECT_OBJC_ISA_USAGE = YES_ERROR;
				CLANG_WARN_DOCUMENTATION_COMMENTS = YES;
				CLANG_WARN_EMPTY_BODY = YES;
				CLANG_WARN_ENUM_CONVERSION = YES;
				CLANG_WARN_INFINITE_RECURSION = YES;
				CLANG_WARN_INT_CONVERSION = YES;
				CLANG_WARN_OBJC_ROOT_CLASS = YES_ERROR;
				CLANG_WARN_SUSPICIOUS_MOVES = YES;
				CLANG_WARN_UNREACHABLE_CODE = YES;
				CLANG_WARN__DUPLICATE_METHOD_MATCH = YES;
				"CODE_SIGN_IDENTITY[sdk=iphoneos*]" = "iPhone Developer";
				COPY_PHASE_STRIP = NO;
				DEBUG_INFORMATION_FORMAT = dwarf;
				ENABLE_STRICT_OBJC_MSGSEND = YES;
				ENABLE_TESTABILITY = YES;
				GCC_C_LANGUAGE_STANDARD = gnu99;
				GCC_DYNAMIC_NO_PIC = NO;
				GCC_NO_COMMON_BLOCKS = YES;
				GCC_OPTIMIZATION_LEVEL = 0;
				GCC_PREPROCESSOR_DEFINITIONS = (
					"DEBUG=1",
					"$(inherited)",
				);
				GCC_WARN_64_TO_32_BIT_CONVERSION = YES;
				GCC_WARN_ABOUT_RETURN_TYPE = YES_ERROR;
				GCC_WARN_UNDECLARED_SELECTOR = YES;
				GCC_WARN_UNINITIALIZED_AUTOS = YES_AGGRESSIVE;
				GCC_WARN_UNUSED_FUNCTION = YES;
				GCC_WARN_UNUSED_VARIABLE = YES;
				IPHONEOS_DEPLOYMENT_TARGET = 10.0;
				MTL_ENABLE_DEBUG_INFO = YES;
				ONLY_ACTIVE_ARCH = YES;
				SDKROOT = iphoneos;
				SWIFT_ACTIVE_COMPILATION_CONDITIONS = DEBUG;
				SWIFT_OPTIMIZATION_LEVEL = "-Onone";
			};
			name = Debug;
		};
		29F4E8391DC1C97500B3A1DA /* Release */ = {
			isa = XCBuildConfiguration;
			buildSettings = {
				ALWAYS_SEARCH_USER_PATHS = NO;
				CLANG_ANALYZER_NONNULL = YES;
				CLANG_CXX_LANGUAGE_STANDARD = "gnu++0x";
				CLANG_CXX_LIBRARY = "libc++";
				CLANG_ENABLE_MODULES = YES;
				CLANG_ENABLE_OBJC_ARC = YES;
				CLANG_WARN_BOOL_CONVERSION = YES;
				CLANG_WARN_CONSTANT_CONVERSION = YES;
				CLANG_WARN_DIRECT_OBJC_ISA_USAGE = YES_ERROR;
				CLANG_WARN_DOCUMENTATION_COMMENTS = YES;
				CLANG_WARN_EMPTY_BODY = YES;
				CLANG_WARN_ENUM_CONVERSION = YES;
				CLANG_WARN_INFINITE_RECURSION = YES;
				CLANG_WARN_INT_CONVERSION = YES;
				CLANG_WARN_OBJC_ROOT_CLASS = YES_ERROR;
				CLANG_WARN_SUSPICIOUS_MOVES = YES;
				CLANG_WARN_UNREACHABLE_CODE = YES;
				CLANG_WARN__DUPLICATE_METHOD_MATCH = YES;
				"CODE_SIGN_IDENTITY[sdk=iphoneos*]" = "iPhone Developer";
				COPY_PHASE_STRIP = NO;
				DEBUG_INFORMATION_FORMAT = "dwarf-with-dsym";
				ENABLE_NS_ASSERTIONS = NO;
				ENABLE_STRICT_OBJC_MSGSEND = YES;
				GCC_C_LANGUAGE_STANDARD = gnu99;
				GCC_NO_COMMON_BLOCKS = YES;
				GCC_WARN_64_TO_32_BIT_CONVERSION = YES;
				GCC_WARN_ABOUT_RETURN_TYPE = YES_ERROR;
				GCC_WARN_UNDECLARED_SELECTOR = YES;
				GCC_WARN_UNINITIALIZED_AUTOS = YES_AGGRESSIVE;
				GCC_WARN_UNUSED_FUNCTION = YES;
				GCC_WARN_UNUSED_VARIABLE = YES;
				IPHONEOS_DEPLOYMENT_TARGET = 10.0;
				MTL_ENABLE_DEBUG_INFO = NO;
				SDKROOT = iphoneos;
				SWIFT_OPTIMIZATION_LEVEL = "-Owholemodule";
				VALIDATE_PRODUCT = YES;
			};
			name = Release;
		};
		29F4E83B1DC1C97500B3A1DA /* Debug */ = {
			isa = XCBuildConfiguration;
			baseConfigurationReference = 2143956AE7D0F10E698915C5 /* Pods-Week4_Twitter.debug.xcconfig */;
			buildSettings = {
				ASSETCATALOG_COMPILER_APPICON_NAME = AppIcon;
				CODE_SIGN_ENTITLEMENTS = Week4_Twitter/Week4_Twitter.entitlements;
				DEVELOPMENT_TEAM = LVNDWJ4J86;
				INFOPLIST_FILE = Week4_Twitter/Info.plist;
				LD_RUNPATH_SEARCH_PATHS = "$(inherited) @executable_path/Frameworks";
				PRODUCT_BUNDLE_IDENTIFIER = "com.codepath.week4-twitter";
				PRODUCT_NAME = "$(TARGET_NAME)";
				SWIFT_VERSION = 3.0;
			};
			name = Debug;
		};
		29F4E83C1DC1C97500B3A1DA /* Release */ = {
			isa = XCBuildConfiguration;
			baseConfigurationReference = C034526B4F2E9D0041B0BD3B /* Pods-Week4_Twitter.release.xcconfig */;
			buildSettings = {
				ASSETCATALOG_COMPILER_APPICON_NAME = AppIcon;
				CODE_SIGN_ENTITLEMENTS = Week4_Twitter/Week4_Twitter.entitlements;
				DEVELOPMENT_TEAM = LVNDWJ4J86;
				INFOPLIST_FILE = Week4_Twitter/Info.plist;
				LD_RUNPATH_SEARCH_PATHS = "$(inherited) @executable_path/Frameworks";
				PRODUCT_BUNDLE_IDENTIFIER = "com.codepath.week4-twitter";
				PRODUCT_NAME = "$(TARGET_NAME)";
				SWIFT_VERSION = 3.0;
			};
			name = Release;
		};
/* End XCBuildConfiguration section */

/* Begin XCConfigurationList section */
		29F4E8231DC1C97500B3A1DA /* Build configuration list for PBXProject "Week4_Twitter" */ = {
			isa = XCConfigurationList;
			buildConfigurations = (
				29F4E8381DC1C97500B3A1DA /* Debug */,
				29F4E8391DC1C97500B3A1DA /* Release */,
			);
			defaultConfigurationIsVisible = 0;
			defaultConfigurationName = Release;
		};
		29F4E83A1DC1C97500B3A1DA /* Build configuration list for PBXNativeTarget "Week4_Twitter" */ = {
			isa = XCConfigurationList;
			buildConfigurations = (
				29F4E83B1DC1C97500B3A1DA /* Debug */,
				29F4E83C1DC1C97500B3A1DA /* Release */,
			);
			defaultConfigurationIsVisible = 0;
			defaultConfigurationName = Release;
		};
/* End XCConfigurationList section */
	};
	rootObject = 29F4E8201DC1C97500B3A1DA /* Project object */;
}
